
Microsoft Visual Studio Solution File, Format Version 12.00
# Visual Studio Version 16
VisualStudioVersion = 16.0.29519.181
MinimumVisualStudioVersion = 10.0.40219.1
Project("{FAE04EC0-301F-11D3-BF4B-00C04F79EFBC}") = "Deliverable2", "Deliverable2\Deliverable2.csproj", "{FE50CB7A-8B44-48E0-B4A7-72FE52AB4092}"
EndProject
Global
	GlobalSection(SolutionConfigurationPlatforms) = preSolution
		Debug|Any CPU = Debug|Any CPU
		Release|Any CPU = Release|Any CPU
	EndGlobalSection
	GlobalSection(ProjectConfigurationPlatforms) = postSolution
		{FE50CB7A-8B44-48E0-B4A7-72FE52AB4092}.Debug|Any CPU.ActiveCfg = Debug|Any CPU
		{FE50CB7A-8B44-48E0-B4A7-72FE52AB4092}.Debug|Any CPU.Build.0 = Debug|Any CPU
		{FE50CB7A-8B44-48E0-B4A7-72FE52AB4092}.Release|Any CPU.ActiveCfg = Release|Any CPU
		{FE50CB7A-8B44-48E0-B4A7-72FE52AB4092}.Release|Any CPU.Build.0 = Release|Any CPU
	EndGlobalSection
	GlobalSection(SolutionProperties) = preSolution
		HideSolutionNode = FALSE
	EndGlobalSection
	GlobalSection(ExtensibilityGlobals) = postSolution
		SolutionGuid = {DBCF4A01-DB67-4D00-90EE-A163A083B6E3}
	EndGlobalSection
EndGlobal
